
Microsoft Visual Studio Solution File, Format Version 12.00
# Visual Studio Version 17
VisualStudioVersion = 17.13.35828.75 d17.13
MinimumVisualStudioVersion = 10.0.40219.1
Project("{FAE04EC0-301F-11D3-BF4B-00C04F79EFBC}") = "Email Sender", "Email Sender.csproj", "{B7C5FA65-C0E6-4BEB-8EB8-31F7FC03EF6E}"
EndProject
Global
	GlobalSection(SolutionConfigurationPlatforms) = preSolution
		Debug|Any CPU = Debug|Any CPU
		Release|Any CPU = Release|Any CPU
	EndGlobalSection
	GlobalSection(ProjectConfigurationPlatforms) = postSolution
		{B7C5FA65-C0E6-4BEB-8EB8-31F7FC03EF6E}.Debug|Any CPU.ActiveCfg = Debug|Any CPU
		{B7C5FA65-C0E6-4BEB-8EB8-31F7FC03EF6E}.Debug|Any CPU.Build.0 = Debug|Any CPU
		{B7C5FA65-C0E6-4BEB-8EB8-31F7FC03EF6E}.Release|Any CPU.ActiveCfg = Release|Any CPU
		{B7C5FA65-C0E6-4BEB-8EB8-31F7FC03EF6E}.Release|Any CPU.Build.0 = Release|Any CPU
	EndGlobalSection
	GlobalSection(SolutionProperties) = preSolution
		HideSolutionNode = FALSE
	EndGlobalSection
	GlobalSection(ExtensibilityGlobals) = postSolution
		SolutionGuid = {0C13C9C9-8326-4120-A018-D2559ADAF385}
	EndGlobalSection
EndGlobal
